
Microsoft Visual Studio Solution File, Format Version 12.00
Project("{2150E333-8FDC-42A3-9474-1A3956D46DE8}") = "Server", "Server", "{A4A48039-993C-4D44-8DF7-265AAF0D7037}"
EndProject
Project("{FAE04EC0-301F-11D3-BF4B-00C04F79EFBC}") = "Entitities", "Server\Entitities\Entitities.csproj", "{140D5FC5-2AC2-422D-9FFC-28F7489F16FC}"
EndProject
Project("{FAE04EC0-301F-11D3-BF4B-00C04F79EFBC}") = "RepositoryContracts", "Server\RepositoryContracts\RepositoryContracts.csproj", "{2CC8CD0C-DC66-4481-A0E0-22F5FF3747BB}"
EndProject
Project("{FAE04EC0-301F-11D3-BF4B-00C04F79EFBC}") = "InMemoryRepositories", "Server\InMemoryRepositories\InMemoryRepositories.csproj", "{BF5DCB55-88C6-4782-ADE9-6964E89D4923}"
EndProject
Project("{FAE04EC0-301F-11D3-BF4B-00C04F79EFBC}") = "CLI", "Server\CLI\CLI.csproj", "{77ADFE67-AB51-4D53-8EC1-0982787361E0}"
EndProject
Project("{FAE04EC0-301F-11D3-BF4B-00C04F79EFBC}") = "FileRepositories", "Server\FileRepositories\FileRepositories.csproj", "{BEA317E0-A987-46EA-A8C4-27234EEC170A}"
EndProject
Project("{2150E333-8FDC-42A3-9474-1A3956D46DE8}") = "Shared", "Shared", "{391BCA59-4883-4137-990D-2D418FBC290E}"
EndProject
Global
	GlobalSection(SolutionConfigurationPlatforms) = preSolution
		Debug|Any CPU = Debug|Any CPU
		Release|Any CPU = Release|Any CPU
	EndGlobalSection
	GlobalSection(NestedProjects) = preSolution
		{140D5FC5-2AC2-422D-9FFC-28F7489F16FC} = {A4A48039-993C-4D44-8DF7-265AAF0D7037}
		{2CC8CD0C-DC66-4481-A0E0-22F5FF3747BB} = {A4A48039-993C-4D44-8DF7-265AAF0D7037}
		{BF5DCB55-88C6-4782-ADE9-6964E89D4923} = {A4A48039-993C-4D44-8DF7-265AAF0D7037}
		{77ADFE67-AB51-4D53-8EC1-0982787361E0} = {A4A48039-993C-4D44-8DF7-265AAF0D7037}
		{BEA317E0-A987-46EA-A8C4-27234EEC170A} = {A4A48039-993C-4D44-8DF7-265AAF0D7037}
	EndGlobalSection
	GlobalSection(ProjectConfigurationPlatforms) = postSolution
		{140D5FC5-2AC2-422D-9FFC-28F7489F16FC}.Debug|Any CPU.ActiveCfg = Debug|Any CPU
		{140D5FC5-2AC2-422D-9FFC-28F7489F16FC}.Debug|Any CPU.Build.0 = Debug|Any CPU
		{140D5FC5-2AC2-422D-9FFC-28F7489F16FC}.Release|Any CPU.ActiveCfg = Release|Any CPU
		{140D5FC5-2AC2-422D-9FFC-28F7489F16FC}.Release|Any CPU.Build.0 = Release|Any CPU
		{2CC8CD0C-DC66-4481-A0E0-22F5FF3747BB}.Debug|Any CPU.ActiveCfg = Debug|Any CPU
		{2CC8CD0C-DC66-4481-A0E0-22F5FF3747BB}.Debug|Any CPU.Build.0 = Debug|Any CPU
		{2CC8CD0C-DC66-4481-A0E0-22F5FF3747BB}.Release|Any CPU.ActiveCfg = Release|Any CPU
		{2CC8CD0C-DC66-4481-A0E0-22F5FF3747BB}.Release|Any CPU.Build.0 = Release|Any CPU
		{BF5DCB55-88C6-4782-ADE9-6964E89D4923}.Debug|Any CPU.ActiveCfg = Debug|Any CPU
		{BF5DCB55-88C6-4782-ADE9-6964E89D4923}.Debug|Any CPU.Build.0 = Debug|Any CPU
		{BF5DCB55-88C6-4782-ADE9-6964E89D4923}.Release|Any CPU.ActiveCfg = Release|Any CPU
		{BF5DCB55-88C6-4782-ADE9-6964E89D4923}.Release|Any CPU.Build.0 = Release|Any CPU
		{77ADFE67-AB51-4D53-8EC1-0982787361E0}.Debug|Any CPU.ActiveCfg = Debug|Any CPU
		{77ADFE67-AB51-4D53-8EC1-0982787361E0}.Debug|Any CPU.Build.0 = Debug|Any CPU
		{77ADFE67-AB51-4D53-8EC1-0982787361E0}.Release|Any CPU.ActiveCfg = Release|Any CPU
		{77ADFE67-AB51-4D53-8EC1-0982787361E0}.Release|Any CPU.Build.0 = Release|Any CPU
		{BEA317E0-A987-46EA-A8C4-27234EEC170A}.Debug|Any CPU.ActiveCfg = Debug|Any CPU
		{BEA317E0-A987-46EA-A8C4-27234EEC170A}.Debug|Any CPU.Build.0 = Debug|Any CPU
		{BEA317E0-A987-46EA-A8C4-27234EEC170A}.Release|Any CPU.ActiveCfg = Release|Any CPU
		{BEA317E0-A987-46EA-A8C4-27234EEC170A}.Release|Any CPU.Build.0 = Release|Any CPU
	EndGlobalSection
EndGlobal
